// !$*UTF8*$!
{
	archiveVersion = 1;
	classes = {
	};
	objectVersion = 50;
	objects = {

/* Begin PBXBuildFile section */
		891CAB9A260D1A280096A40E /* ListExampleITESMApp.swift in Sources */ = {isa = PBXBuildFile; fileRef = 891CAB99260D1A280096A40E /* ListExampleITESMApp.swift */; };
		891CAB9E260D1A2A0096A40E /* Assets.xcassets in Resources */ = {isa = PBXBuildFile; fileRef = 891CAB9D260D1A2A0096A40E /* Assets.xcassets */; };
		891CABA1260D1A2A0096A40E /* Preview Assets.xcassets in Resources */ = {isa = PBXBuildFile; fileRef = 891CABA0260D1A2A0096A40E /* Preview Assets.xcassets */; };
		891CABAA260D1CC00096A40E /* CountryListView.swift in Sources */ = {isa = PBXBuildFile; fileRef = 891CABA9260D1CC00096A40E /* CountryListView.swift */; };
		891CABB5260D22240096A40E /* CountryModel.swift in Sources */ = {isa = PBXBuildFile; fileRef = 891CABB4260D22240096A40E /* CountryModel.swift */; };
		891CABB8260D22B40096A40E /* CountryViewController.swift in Sources */ = {isa = PBXBuildFile; fileRef = 891CABB7260D22B40096A40E /* CountryViewController.swift */; };
		891CABBB260D296C0096A40E /* CountryDetailView.swift in Sources */ = {isa = PBXBuildFile; fileRef = 891CABBA260D296C0096A40E /* CountryDetailView.swift */; };
		895DA429263CA92F008955EC /* AddCityView.swift in Sources */ = {isa = PBXBuildFile; fileRef = 895DA428263CA92F008955EC /* AddCityView.swift */; };
/* End PBXBuildFile section */

/* Begin PBXFileReference section */
		891CAB96260D1A280096A40E /* ListExampleITESM.app */ = {isa = PBXFileReference; explicitFileType = wrapper.application; includeInIndex = 0; path = ListExampleITESM.app; sourceTree = BUILT_PRODUCTS_DIR; };
		891CAB99260D1A280096A40E /* ListExampleITESMApp.swift */ = {isa = PBXFileReference; lastKnownFileType = sourcecode.swift; path = ListExampleITESMApp.swift; sourceTree = "<group>"; };
		891CAB9D260D1A2A0096A40E /* Assets.xcassets */ = {isa = PBXFileReference; lastKnownFileType = folder.assetcatalog; path = Assets.xcassets; sourceTree = "<group>"; };
		891CABA0260D1A2A0096A40E /* Preview Assets.xcassets */ = {isa = PBXFileReference; lastKnownFileType = folder.assetcatalog; path = "Preview Assets.xcassets"; sourceTree = "<group>"; };
		891CABA2260D1A2A0096A40E /* Info.plist */ = {isa = PBXFileReference; lastKnownFileType = text.plist.xml; path = Info.plist; sourceTree = "<group>"; };
		891CABA9260D1CC00096A40E /* CountryListView.swift */ = {isa = PBXFileReference; lastKnownFileType = sourcecode.swift; path = CountryListView.swift; sourceTree = "<group>"; };
		891CABB4260D22240096A40E /* CountryModel.swift */ = {isa = PBXFileReference; lastKnownFileType = sourcecode.swift; path = CountryModel.swift; sourceTree = "<group>"; };
		891CABB7260D22B40096A40E /* CountryViewController.swift */ = {isa = PBXFileReference; lastKnownFileType = sourcecode.swift; path = CountryViewController.swift; sourceTree = "<group>"; };
		891CABBA260D296C0096A40E /* CountryDetailView.swift */ = {isa = PBXFileReference; lastKnownFileType = sourcecode.swift; path = CountryDetailView.swift; sourceTree = "<group>"; };
		895DA428263CA92F008955EC /* AddCityView.swift */ = {isa = PBXFileReference; lastKnownFileType = sourcecode.swift; path = AddCityView.swift; sourceTree = "<group>"; };
/* End PBXFileReference section */

/* Begin PBXFrameworksBuildPhase section */
		891CAB93260D1A280096A40E /* Frameworks */ = {
			isa = PBXFrameworksBuildPhase;
			buildActionMask = 2147483647;
			files = (
			);
			runOnlyForDeploymentPostprocessing = 0;
		};
/* End PBXFrameworksBuildPhase section */

/* Begin PBXGroup section */
		891CAB8D260D1A280096A40E = {
			isa = PBXGroup;
			children = (
				891CAB98260D1A280096A40E /* ListExampleITESM */,
				891CAB97260D1A280096A40E /* Products */,
			);
			sourceTree = "<group>";
		};
		891CAB97260D1A280096A40E /* Products */ = {
			isa = PBXGroup;
			children = (
				891CAB96260D1A280096A40E /* ListExampleITESM.app */,
			);
			name = Products;
			sourceTree = "<group>";
		};
		891CAB98260D1A280096A40E /* ListExampleITESM */ = {
			isa = PBXGroup;
			children = (
				891CAB99260D1A280096A40E /* ListExampleITESMApp.swift */,
				891CAB9D260D1A2A0096A40E /* Assets.xcassets */,
				891CABA2260D1A2A0096A40E /* Info.plist */,
				891CAB9F260D1A2A0096A40E /* Preview Content */,
				891CABA9260D1CC00096A40E /* CountryListView.swift */,
				891CABB4260D22240096A40E /* CountryModel.swift */,
				891CABB7260D22B40096A40E /* CountryViewController.swift */,
				891CABBA260D296C0096A40E /* CountryDetailView.swift */,
				895DA428263CA92F008955EC /* AddCityView.swift */,
			);
			path = ListExampleITESM;
			sourceTree = "<group>";
		};
		891CAB9F260D1A2A0096A40E /* Preview Content */ = {
			isa = PBXGroup;
			children = (
				891CABA0260D1A2A0096A40E /* Preview Assets.xcassets */,
			);
			path = "Preview Content";
			sourceTree = "<group>";
		};
/* End PBXGroup section */

/* Begin PBXNativeTarget section */
		891CAB95260D1A280096A40E /* ListExampleITESM */ = {
			isa = PBXNativeTarget;
			buildConfigurationList = 891CABA5260D1A2A0096A40E /* Build configuration list for PBXNativeTarget "ListExampleITESM" */;
			buildPhases = (
				891CAB92260D1A280096A40E /* Sources */,
				891CAB93260D1A280096A40E /* Frameworks */,
				891CAB94260D1A280096A40E /* Resources */,
			);
			buildRules = (
			);
			dependencies = (
			);
			name = ListExampleITESM;
			productName = ListExampleITESM;
			productReference = 891CAB96260D1A280096A40E /* ListExampleITESM.app */;
			productType = "com.apple.product-type.application";
		};
/* End PBXNativeTarget section */

/* Begin PBXProject section */
		891CAB8E260D1A280096A40E /* Project object */ = {
			isa = PBXProject;
			attributes = {
				LastSwiftUpdateCheck = 1220;
				LastUpgradeCheck = 1220;
				TargetAttributes = {
					891CAB95260D1A280096A40E = {
						CreatedOnToolsVersion = 12.2;
					};
				};
			};
			buildConfigurationList = 891CAB91260D1A280096A40E /* Build configuration list for PBXProject "ListExampleITESM" */;
			compatibilityVersion = "Xcode 9.3";
			developmentRegion = en;
			hasScannedForEncodings = 0;
			knownRegions = (
				en,
				Base,
			);
			mainGroup = 891CAB8D260D1A280096A40E;
			productRefGroup = 891CAB97260D1A280096A40E /* Products */;
			projectDirPath = "";
			projectRoot = "";
			targets = (
				891CAB95260D1A280096A40E /* ListExampleITESM */,
			);
		};
/* End PBXProject section */

/* Begin PBXResourcesBuildPhase section */
		891CAB94260D1A280096A40E /* Resources */ = {
			isa = PBXResourcesBuildPhase;
			buildActionMask = 2147483647;
			files = (
				891CABA1260D1A2A0096A40E /* Preview Assets.xcassets in Resources */,
				891CAB9E260D1A2A0096A40E /* Assets.xcassets in Resources */,
			);
			runOnlyForDeploymentPostprocessing = 0;
		};
/* End PBXResourcesBuildPhase section */

/* Begin PBXSourcesBuildPhase section */
		891CAB92260D1A280096A40E /* Sources */ = {
			isa = PBXSourcesBuildPhase;
			buildActionMask = 2147483647;
			files = (
				891CAB9A260D1A280096A40E /* ListExampleITESMApp.swift in Sources */,
				895DA429263CA92F008955EC /* AddCityView.swift in Sources */,
				891CABB8260D22B40096A40E /* CountryViewController.swift in Sources */,
				891CABAA260D1CC00096A40E /* CountryListView.swift in Sources */,
				891CABB5260D22240096A40E /* CountryModel.swift in Sources */,
				891CABBB260D296C0096A40E /* CountryDetailView.swift in Sources */,
			);
			runOnlyForDeploymentPostprocessing = 0;
		};
/* End PBXSourcesBuildPhase section */

/* Begin XCBuildConfiguration section */
		891CABA3260D1A2A0096A40E /* Debug */ = {
			isa = XCBuildConfiguration;
			buildSettings = {
				ALWAYS_SEARCH_USER_PATHS = NO;
				CLANG_ANALYZER_NONNULL = YES;
				CLANG_ANALYZER_NUMBER_OBJECT_CONVERSION = YES_AGGRESSIVE;
				CLANG_CXX_LANGUAGE_STANDARD = "gnu++14";
				CLANG_CXX_LIBRARY = "libc++";
				CLANG_ENABLE_MODULES = YES;
				CLANG_ENABLE_OBJC_ARC = YES;
				CLANG_ENABLE_OBJC_WEAK = YES;
				CLANG_WARN_BLOCK_CAPTURE_AUTORELEASING = YES;
				CLANG_WARN_BOOL_CONVERSION = YES;
				CLANG_WARN_COMMA = YES;
				CLANG_WARN_CONSTANT_CONVERSION = YES;
				CLANG_WARN_DEPRECATED_OBJC_IMPLEMENTATIONS = YES;
				CLANG_WARN_DIRECT_OBJC_ISA_USAGE = YES_ERROR;
				CLANG_WARN_DOCUMENTATION_COMMENTS = YES;
				CLANG_WARN_EMPTY_BODY = YES;
				CLANG_WARN_ENUM_CONVERSION = YES;
				CLANG_WARN_INFINITE_RECURSION = YES;
				CLANG_WARN_INT_CONVERSION = YES;
				CLANG_WARN_NON_LITERAL_NULL_CONVERSION = YES;
				CLANG_WARN_OBJC_IMPLICIT_RETAIN_SELF = YES;
				CLANG_WARN_OBJC_LITERAL_CONVERSION = YES;
				CLANG_WARN_OBJC_ROOT_CLASS = YES_ERROR;
				CLANG_WARN_QUOTED_INCLUDE_IN_FRAMEWORK_HEADER = YES;
				CLANG_WARN_RANGE_LOOP_ANALYSIS = YES;
				CLANG_WARN_STRICT_PROTOTYPES = YES;
				CLANG_WARN_SUSPICIOUS_MOVE = YES;
				CLANG_WARN_UNGUARDED_AVAILABILITY = YES_AGGRESSIVE;
				CLANG_WARN_UNREACHABLE_CODE = YES;
				CLANG_WARN__DUPLICATE_METHOD_MATCH = YES;
				COPY_PHASE_STRIP = NO;
				DEBUG_INFORMATION_FORMAT = dwarf;
				ENABLE_STRICT_OBJC_MSGSEND = YES;
				ENABLE_TESTABILITY = YES;
				GCC_C_LANGUAGE_STANDARD = gnu11;
				GCC_DYNAMIC_NO_PIC = NO;
				GCC_NO_COMMON_BLOCKS = YES;
				GCC_OPTIMIZATION_LEVEL = 0;
				GCC_PREPROCESSOR_DEFINITIONS = (
					"DEBUG=1",
					"$(inherited)",
				);
				GCC_WARN_64_TO_32_BIT_CONVERSION = YES;
				GCC_WARN_ABOUT_RETURN_TYPE = YES_ERROR;
				GCC_WARN_UNDECLARED_SELECTOR = YES;
				GCC_WARN_UNINITIALIZED_AUTOS = YES_AGGRESSIVE;
				GCC_WARN_UNUSED_FUNCTION = YES;
				GCC_WARN_UNUSED_VARIABLE = YES;
				IPHONEOS_DEPLOYMENT_TARGET = 14.2;
				MTL_ENABLE_DEBUG_INFO = INCLUDE_SOURCE;
				MTL_FAST_MATH = YES;
				ONLY_ACTIVE_ARCH = YES;
				SDKROOT = iphoneos;
				SWIFT_ACTIVE_COMPILATION_CONDITIONS = DEBUG;
				SWIFT_OPTIMIZATION_LEVEL = "-Onone";
			};
			name = Debug;
		};
		891CABA4260D1A2A0096A40E /* Release */ = {
			isa = XCBuildConfiguration;
			buildSettings = {
				ALWAYS_SEARCH_USER_PATHS = NO;
				CLANG_ANALYZER_NONNULL = YES;
				CLANG_ANALYZER_NUMBER_OBJECT_CONVERSION = YES_AGGRESSIVE;
				CLANG_CXX_LANGUAGE_STANDARD = "gnu++14";
				CLANG_CXX_LIBRARY = "libc++";
				CLANG_ENABLE_MODULES = YES;
				CLANG_ENABLE_OBJC_ARC = YES;
				CLANG_ENABLE_OBJC_WEAK = YES;
				CLANG_WARN_BLOCK_CAPTURE_AUTORELEASING = YES;
				CLANG_WARN_BOOL_CONVERSION = YES;
				CLANG_WARN_COMMA = YES;
				CLANG_WARN_CONSTANT_CONVERSION = YES;
				CLANG_WARN_DEPRECATED_OBJC_IMPLEMENTATIONS = YES;
				CLANG_WARN_DIRECT_OBJC_ISA_USAGE = YES_ERROR;
				CLANG_WARN_DOCUMENTATION_COMMENTS = YES;
				CLANG_WARN_EMPTY_BODY = YES;
				CLANG_WARN_ENUM_CONVERSION = YES;
				CLANG_WARN_INFINITE_RECURSION = YES;
				CLANG_WARN_INT_CONVERSION = YES;
				CLANG_WARN_NON_LITERAL_NULL_CONVERSION = YES;
				CLANG_WARN_OBJC_IMPLICIT_RETAIN_SELF = YES;
				CLANG_WARN_OBJC_LITERAL_CONVERSION = YES;
				CLANG_WARN_OBJC_ROOT_CLASS = YES_ERROR;
				CLANG_WARN_QUOTED_INCLUDE_IN_FRAMEWORK_HEADER = YES;
				CLANG_WARN_RANGE_LOOP_ANALYSIS = YES;
				CLANG_WARN_STRICT_PROTOTYPES = YES;
				CLANG_WARN_SUSPICIOUS_MOVE = YES;
				CLANG_WARN_UNGUARDED_AVAILABILITY = YES_AGGRESSIVE;
				CLANG_WARN_UNREACHABLE_CODE = YES;
				CLANG_WARN__DUPLICATE_METHOD_MATCH = YES;
				COPY_PHASE_STRIP = NO;
				DEBUG_INFORMATION_FORMAT = "dwarf-with-dsym";
				ENABLE_NS_ASSERTIONS = NO;
				ENABLE_STRICT_OBJC_MSGSEND = YES;
				GCC_C_LANGUAGE_STANDARD = gnu11;
				GCC_NO_COMMON_BLOCKS = YES;
				GCC_WARN_64_TO_32_BIT_CONVERSION = YES;
				GCC_WARN_ABOUT_RETURN_TYPE = YES_ERROR;
				GCC_WARN_UNDECLARED_SELECTOR = YES;
				GCC_WARN_UNINITIALIZED_AUTOS = YES_AGGRESSIVE;
				GCC_WARN_UNUSED_FUNCTION = YES;
				GCC_WARN_UNUSED_VARIABLE = YES;
				IPHONEOS_DEPLOYMENT_TARGET = 14.2;
				MTL_ENABLE_DEBUG_INFO = NO;
				MTL_FAST_MATH = YES;
				SDKROOT = iphoneos;
				SWIFT_COMPILATION_MODE = wholemodule;
				SWIFT_OPTIMIZATION_LEVEL = "-O";
				VALIDATE_PRODUCT = YES;
			};
			name = Release;
		};
		891CABA6260D1A2A0096A40E /* Debug */ = {
			isa = XCBuildConfiguration;
			buildSettings = {
				ASSETCATALOG_COMPILER_APPICON_NAME = AppIcon;
				ASSETCATALOG_COMPILER_GLOBAL_ACCENT_COLOR_NAME = AccentColor;
				CODE_SIGN_STYLE = Automatic;
				DEVELOPMENT_ASSET_PATHS = "\"ListExampleITESM/Preview Content\"";
				DEVELOPMENT_TEAM = F47HFFQJCW;
				ENABLE_PREVIEWS = YES;
				INFOPLIST_FILE = ListExampleITESM/Info.plist;
				IPHONEOS_DEPLOYMENT_TARGET = 14.0;
				LD_RUNPATH_SEARCH_PATHS = (
					"$(inherited)",
					"@executable_path/Frameworks",
				);
				PRODUCT_BUNDLE_IDENTIFIER = mx.itesm.ListExampleITESM;
				PRODUCT_NAME = "$(TARGET_NAME)";
				SWIFT_VERSION = 5.0;
				TARGETED_DEVICE_FAMILY = "1,2";
			};
			name = Debug;
		};
		891CABA7260D1A2A0096A40E /* Release */ = {
			isa = XCBuildConfiguration;
			buildSettings = {
				ASSETCATALOG_COMPILER_APPICON_NAME = AppIcon;
				ASSETCATALOG_COMPILER_GLOBAL_ACCENT_COLOR_NAME = AccentColor;
				CODE_SIGN_STYLE = Automatic;
				DEVELOPMENT_ASSET_PATHS = "\"ListExampleITESM/Preview Content\"";
				DEVELOPMENT_TEAM = F47HFFQJCW;
				ENABLE_PREVIEWS = YES;
				INFOPLIST_FILE = ListExampleITESM/Info.plist;
				IPHONEOS_DEPLOYMENT_TARGET = 14.0;
				LD_RUNPATH_SEARCH_PATHS = (
					"$(inherited)",
					"@executable_path/Frameworks",
				);
				PRODUCT_BUNDLE_IDENTIFIER = mx.itesm.ListExampleITESM;
				PRODUCT_NAME = "$(TARGET_NAME)";
				SWIFT_VERSION = 5.0;
				TARGETED_DEVICE_FAMILY = "1,2";
			};
			name = Release;
		};
/* End XCBuildConfiguration section */

/* Begin XCConfigurationList section */
		891CAB91260D1A280096A40E /* Build configuration list for PBXProject "ListExampleITESM" */ = {
			isa = XCConfigurationList;
			buildConfigurations = (
				891CABA3260D1A2A0096A40E /* Debug */,
				891CABA4260D1A2A0096A40E /* Release */,
			);
			defaultConfigurationIsVisible = 0;
			defaultConfigurationName = Release;
		};
		891CABA5260D1A2A0096A40E /* Build configuration list for PBXNativeTarget "ListExampleITESM" */ = {
			isa = XCConfigurationList;
			buildConfigurations = (
				891CABA6260D1A2A0096A40E /* Debug */,
				891CABA7260D1A2A0096A40E /* Release */,
			);
			defaultConfigurationIsVisible = 0;
			defaultConfigurationName = Release;
		};
/* End XCConfigurationList section */
	};
	rootObject = 891CAB8E260D1A280096A40E /* Project object */;
}
